
Microsoft Visual Studio Solution File, Format Version 12.00
# Visual Studio Version 17
VisualStudioVersion = 17.0.32002.185
MinimumVisualStudioVersion = 10.0.40219.1
Project("{9A19103F-16F7-4668-BE54-9A1E7A4F7556}") = "LibraryCore.Core", "Src\LibraryCore.Core\LibraryCore.Core.csproj", "{8323D1BC-B403-4056-98A3-37F901032EAC}"
EndProject
Project("{2150E333-8FDC-42A3-9474-1A3956D46DE8}") = "GeneralIntegrationTests", "GeneralIntegrationTests", "{1D339B68-769A-4737-B446-6D02703CF8C4}"
EndProject
Project("{9A19103F-16F7-4668-BE54-9A1E7A4F7556}") = "LibraryCore.Tests.Core", "Tests\LibraryCore.Tests.Core\LibraryCore.Tests.Core.csproj", "{73FA0040-3A90-4F58-AE5F-0D28ADEC7D80}"
EndProject
Project("{9A19103F-16F7-4668-BE54-9A1E7A4F7556}") = "LibraryCore.JsonNet", "Src\LibraryCore.JsonNet\LibraryCore.JsonNet.csproj", "{D640508C-A235-4346-B615-8F9BA84A98AC}"
EndProject
Project("{9A19103F-16F7-4668-BE54-9A1E7A4F7556}") = "LibraryCore.Tests.JsonNet", "Tests\LibraryCore.Tests.JsonNet\LibraryCore.Tests.JsonNet.csproj", "{7F466EE2-3BD4-4AB9-8081-3ED1B78C0FB1}"
EndProject
Project("{9A19103F-16F7-4668-BE54-9A1E7A4F7556}") = "LibraryCore.AspNet", "Src\LibraryCore.AspNet\LibraryCore.AspNet.csproj", "{6AC7E247-CBF4-4494-9A55-FF1AFFF151E0}"
EndProject
Project("{9A19103F-16F7-4668-BE54-9A1E7A4F7556}") = "LibraryCore.Tests.AspNet", "Tests\LibraryCore.Tests.AspNet\LibraryCore.Tests.AspNet.csproj", "{4D41A3CB-FE8F-4BDF-84A5-F5C28B3B4B86}"
EndProject
Project("{2150E333-8FDC-42A3-9474-1A3956D46DE8}") = "Documentation", "Documentation", "{C393C54D-0367-417D-BAAA-2B8323D44D10}"
	ProjectSection(SolutionItems) = preProject
		Documentation\ConsumingFeedFromGitHub.txt = Documentation\ConsumingFeedFromGitHub.txt
		Documentation\ProducingVersionOutsideOfCiCd.txt = Documentation\ProducingVersionOutsideOfCiCd.txt
	EndProjectSection
EndProject
Project("{2150E333-8FDC-42A3-9474-1A3956D46DE8}") = "Commands", "Commands", "{44736F91-EA46-467A-8C68-1B7B712F8B92}"
	ProjectSection(SolutionItems) = preProject
		Commands\AddNugetSourceToConsume.md = Commands\AddNugetSourceToConsume.md
		Commands\IntegratedTestInVsEnvSetup.ps1 = Commands\IntegratedTestInVsEnvSetup.ps1
		Commands\IntegratedTestInVsEnvTearDown.ps1 = Commands\IntegratedTestInVsEnvTearDown.ps1
		Commands\PublishAndPushNuget.bat = Commands\PublishAndPushNuget.bat
		Commands\RunPerformanceTest.bat = Commands\RunPerformanceTest.bat
	EndProjectSection
EndProject
Project("{2150E333-8FDC-42A3-9474-1A3956D46DE8}") = "PerformanceTests", "PerformanceTests", "{056D9475-618C-453C-8BDF-F578E8F07945}"
EndProject
Project("{2150E333-8FDC-42A3-9474-1A3956D46DE8}") = "Framework", "Framework", "{8C77AB2D-937E-4E17-9CA5-1A389EDC3F32}"
EndProject
Project("{2150E333-8FDC-42A3-9474-1A3956D46DE8}") = "IntegrationTests", "IntegrationTests", "{647DDB3F-A7E7-4B85-93CD-61CFC477E0D8}"
	ProjectSection(SolutionItems) = preProject
		IntegrationTests\MigrationsDocumentation.md = IntegrationTests\MigrationsDocumentation.md
	EndProjectSection
EndProject
Project("{9A19103F-16F7-4668-BE54-9A1E7A4F7556}") = "LibraryCore.IntegrationTests", "IntegrationTests\LibraryCore.IntegrationTests\LibraryCore.IntegrationTests.csproj", "{6D73CB8D-A4ED-41DC-AD4E-7DAC04F3BDBA}"
EndProject
Project("{9A19103F-16F7-4668-BE54-9A1E7A4F7556}") = "LibraryCore.IntegrationTests.Framework.Api", "IntegrationTests\Framework\LibraryCore.IntegrationTests.Framework.Api\LibraryCore.IntegrationTests.Framework.Api.csproj", "{960A9427-5FC1-41C5-980F-A2A2430791D5}"
EndProject
Project("{9A19103F-16F7-4668-BE54-9A1E7A4F7556}") = "LibraryCore.CommandLineParser", "Src\LibraryCore.CommandLineParser\LibraryCore.CommandLineParser.csproj", "{776282B2-5A68-412E-88D7-1C6F9D9392CD}"
EndProject
Project("{9A19103F-16F7-4668-BE54-9A1E7A4F7556}") = "LibraryCore.Tests.CommandLineParser", "Tests\LibraryCore.Tests.CommandLineParser\LibraryCore.Tests.CommandLineParser.csproj", "{639E11CF-B792-4F2C-B767-E3B7055DCE8F}"
EndProject
Project("{9A19103F-16F7-4668-BE54-9A1E7A4F7556}") = "LibraryCore.AspNet.DistributedSessionState", "Src\LibraryCore.AspNet.DistributedSessionState\LibraryCore.AspNet.DistributedSessionState.csproj", "{7B0BED8D-054A-48E1-B1C4-53C86EF70728}"
EndProject
Project("{9A19103F-16F7-4668-BE54-9A1E7A4F7556}") = "LibraryCore.Tests.AspNet.DistributedSessionState", "Tests\LibraryCore.Tests.AspNet.DistributedSessionState\LibraryCore.Tests.AspNet.DistributedSessionState.csproj", "{F002FAA3-5488-4A32-8433-6A06AA6840C9}"
EndProject
Project("{9A19103F-16F7-4668-BE54-9A1E7A4F7556}") = "LibraryCore.AspNet.HtmlRendering", "Src\LibraryCore.AspNet.HtmlRendering\LibraryCore.AspNet.HtmlRendering.csproj", "{EB5195D4-CAE1-4C51-BDE5-AA614618C01F}"
EndProject
Project("{9A19103F-16F7-4668-BE54-9A1E7A4F7556}") = "LibraryCore.Tests.AspNet.HtmlRendering", "Tests\LibraryCore.Tests.AspNet.HtmlRendering\LibraryCore.Tests.AspNet.HtmlRendering.csproj", "{D3409C9F-21D5-4145-B38E-B5187738B792}"
EndProject
Project("{9A19103F-16F7-4668-BE54-9A1E7A4F7556}") = "LibraryCore.Tests.Caching", "Tests\LibraryCore.Tests.Caching\LibraryCore.Tests.Caching.csproj", "{FFF079E1-E6FB-4C92-93F8-CC9D8103041D}"
EndProject
Project("{9A19103F-16F7-4668-BE54-9A1E7A4F7556}") = "LibraryCore.Caching", "Src\LibraryCore.Caching\LibraryCore.Caching.csproj", "{778E8559-93E6-41C3-8811-D350B0B421D5}"
EndProject
Project("{9A19103F-16F7-4668-BE54-9A1E7A4F7556}") = "LibraryCore.Parsers", "Src\LibraryCore.Parsers\LibraryCore.Parsers.csproj", "{D9AC3B17-3BE6-4375-9E87-C6F94A2E8FA3}"
EndProject
Project("{9A19103F-16F7-4668-BE54-9A1E7A4F7556}") = "LibraryCore.Tests.Parsers", "Tests\LibraryCore.Tests.Parsers\LibraryCore.Tests.Parsers.csproj", "{81612C60-8D51-4019-83FB-B866F3AD2A46}"
EndProject
Project("{9A19103F-16F7-4668-BE54-9A1E7A4F7556}") = "LibraryCore.ApiClient", "Src\LibraryCore.ApiClient\LibraryCore.ApiClient.csproj", "{1436BD18-F118-44B3-81D9-4A53DE57D813}"
EndProject
Project("{9A19103F-16F7-4668-BE54-9A1E7A4F7556}") = "LibraryCore.Tests.ApiClient", "Tests\LibraryCore.Tests.ApiClient\LibraryCore.Tests.ApiClient.csproj", "{A5507960-338A-4FEE-A719-BE42E90BADAE}"
EndProject
Project("{9A19103F-16F7-4668-BE54-9A1E7A4F7556}") = "LibraryCore.XmlSerialization", "Src\LibraryCore.XmlSerialization\LibraryCore.XmlSerialization.csproj", "{D572331F-3B77-4B0C-8840-9475C9AF6BC4}"
EndProject
Project("{9A19103F-16F7-4668-BE54-9A1E7A4F7556}") = "LIbraryCore.Tests.XmlSerialization", "Tests\LIbraryCore.Tests.XmlSerialization\LIbraryCore.Tests.XmlSerialization.csproj", "{34B58ECE-FB4D-4C53-9C42-08DA20871C33}"
EndProject
Project("{9A19103F-16F7-4668-BE54-9A1E7A4F7556}") = "LibraryCore.Performance.Tests", "PerformanceTests\LibraryCore.Performance.Tests\LibraryCore.Performance.Tests.csproj", "{18649A9F-3A58-4081-9737-EADF6FC281BD}"
EndProject
Project("{9A19103F-16F7-4668-BE54-9A1E7A4F7556}") = "LibraryCore.Mongo", "Src\LibraryCore.Mongo\LibraryCore.Mongo.csproj", "{815FF102-5ABB-457D-B1D0-6D8A9AEEEA37}"
EndProject
Project("{9A19103F-16F7-4668-BE54-9A1E7A4F7556}") = "LibraryCore.Tests.Mongo", "Tests\LibraryCore.Tests.Mongo\LibraryCore.Tests.Mongo.csproj", "{0D16AC12-9BB5-410A-A124-EBA827494496}"
EndProject
Project("{9A19103F-16F7-4668-BE54-9A1E7A4F7556}") = "LibraryCore.IntegrationTests.Mongo", "IntegrationTests\LibraryCore.IntegrationTests.Mongo\LibraryCore.IntegrationTests.Mongo.csproj", "{4FE61B77-FF15-4F58-81B4-398AA839CFAA}"
EndProject
Project("{2150E333-8FDC-42A3-9474-1A3956D46DE8}") = "Src", "Src", "{75C64940-5413-442D-B876-AEAA8DC20FC0}"
EndProject
Project("{2150E333-8FDC-42A3-9474-1A3956D46DE8}") = "ApiClient", "ApiClient", "{C73F4681-8E83-453F-8AC5-EDF14A7643E9}"
EndProject
Project("{2150E333-8FDC-42A3-9474-1A3956D46DE8}") = "AspNet", "AspNet", "{AC0815E9-9355-4827-ACB0-6B9B81EC03AE}"
EndProject
Project("{2150E333-8FDC-42A3-9474-1A3956D46DE8}") = "DistributedSessionState", "DistributedSessionState", "{47E2D748-A715-4385-B792-2FC9B7CD0BBB}"
EndProject
Project("{2150E333-8FDC-42A3-9474-1A3956D46DE8}") = "HtmlRendering", "HtmlRendering", "{CBE807C1-581C-483B-B5F6-E4A17573458B}"
EndProject
Project("{2150E333-8FDC-42A3-9474-1A3956D46DE8}") = "Caching", "Caching", "{CDB501DD-0944-4F36-B194-9FE9D9BEE78A}"
EndProject
Project("{2150E333-8FDC-42A3-9474-1A3956D46DE8}") = "CommandLineParser", "CommandLineParser", "{4E744B51-B348-4F93-8A0C-6A19E06F99B3}"
EndProject
Project("{2150E333-8FDC-42A3-9474-1A3956D46DE8}") = "Core", "Core", "{EEF0002A-5793-4018-BFDD-A385371090F7}"
EndProject
Project("{2150E333-8FDC-42A3-9474-1A3956D46DE8}") = "JsonNet", "JsonNet", "{C2E4FBF5-B2FC-4311-924E-318B8186DE9D}"
EndProject
Project("{2150E333-8FDC-42A3-9474-1A3956D46DE8}") = "Mongo", "Mongo", "{EF9E42CD-5423-46A6-A720-C6698B74592B}"
EndProject
Project("{2150E333-8FDC-42A3-9474-1A3956D46DE8}") = "Parsers", "Parsers", "{5979401A-795C-45B8-B2C0-0F758CA31455}"
EndProject
Project("{2150E333-8FDC-42A3-9474-1A3956D46DE8}") = "XmlSerialization", "XmlSerialization", "{7AD2E7E1-2D9E-430D-A1BB-B3B073CC96EE}"
EndProject
Project("{2150E333-8FDC-42A3-9474-1A3956D46DE8}") = "Kafka", "Kafka", "{0596B611-307A-46B6-991C-076D490644D4}"
EndProject
Project("{FAE04EC0-301F-11D3-BF4B-00C04F79EFBC}") = "LibraryCore.Kafka", "Src\LibraryCore.Kafka\LibraryCore.Kafka.csproj", "{D6D24506-4A19-4EC3-9F56-75BE23BBFA4F}"
EndProject
Project("{FAE04EC0-301F-11D3-BF4B-00C04F79EFBC}") = "LibraryCore.Tests.Kafka", "Tests\LibraryCore.Tests.Kafka\LibraryCore.Tests.Kafka.csproj", "{6CB53280-2062-48FC-AD70-77EDB471F515}"
EndProject
Global
	GlobalSection(SolutionConfigurationPlatforms) = preSolution
		Debug|Any CPU = Debug|Any CPU
		Release|Any CPU = Release|Any CPU
	EndGlobalSection
	GlobalSection(ProjectConfigurationPlatforms) = postSolution
		{8323D1BC-B403-4056-98A3-37F901032EAC}.Debug|Any CPU.ActiveCfg = Debug|Any CPU
		{8323D1BC-B403-4056-98A3-37F901032EAC}.Debug|Any CPU.Build.0 = Debug|Any CPU
		{8323D1BC-B403-4056-98A3-37F901032EAC}.Release|Any CPU.ActiveCfg = Release|Any CPU
		{8323D1BC-B403-4056-98A3-37F901032EAC}.Release|Any CPU.Build.0 = Release|Any CPU
		{73FA0040-3A90-4F58-AE5F-0D28ADEC7D80}.Debug|Any CPU.ActiveCfg = Debug|Any CPU
		{73FA0040-3A90-4F58-AE5F-0D28ADEC7D80}.Debug|Any CPU.Build.0 = Debug|Any CPU
		{73FA0040-3A90-4F58-AE5F-0D28ADEC7D80}.Release|Any CPU.ActiveCfg = Release|Any CPU
		{73FA0040-3A90-4F58-AE5F-0D28ADEC7D80}.Release|Any CPU.Build.0 = Release|Any CPU
		{D640508C-A235-4346-B615-8F9BA84A98AC}.Debug|Any CPU.ActiveCfg = Debug|Any CPU
		{D640508C-A235-4346-B615-8F9BA84A98AC}.Debug|Any CPU.Build.0 = Debug|Any CPU
		{D640508C-A235-4346-B615-8F9BA84A98AC}.Release|Any CPU.ActiveCfg = Release|Any CPU
		{D640508C-A235-4346-B615-8F9BA84A98AC}.Release|Any CPU.Build.0 = Release|Any CPU
		{7F466EE2-3BD4-4AB9-8081-3ED1B78C0FB1}.Debug|Any CPU.ActiveCfg = Debug|Any CPU
		{7F466EE2-3BD4-4AB9-8081-3ED1B78C0FB1}.Debug|Any CPU.Build.0 = Debug|Any CPU
		{7F466EE2-3BD4-4AB9-8081-3ED1B78C0FB1}.Release|Any CPU.ActiveCfg = Release|Any CPU
		{7F466EE2-3BD4-4AB9-8081-3ED1B78C0FB1}.Release|Any CPU.Build.0 = Release|Any CPU
		{6AC7E247-CBF4-4494-9A55-FF1AFFF151E0}.Debug|Any CPU.ActiveCfg = Debug|Any CPU
		{6AC7E247-CBF4-4494-9A55-FF1AFFF151E0}.Debug|Any CPU.Build.0 = Debug|Any CPU
		{6AC7E247-CBF4-4494-9A55-FF1AFFF151E0}.Release|Any CPU.ActiveCfg = Release|Any CPU
		{6AC7E247-CBF4-4494-9A55-FF1AFFF151E0}.Release|Any CPU.Build.0 = Release|Any CPU
		{4D41A3CB-FE8F-4BDF-84A5-F5C28B3B4B86}.Debug|Any CPU.ActiveCfg = Debug|Any CPU
		{4D41A3CB-FE8F-4BDF-84A5-F5C28B3B4B86}.Debug|Any CPU.Build.0 = Debug|Any CPU
		{4D41A3CB-FE8F-4BDF-84A5-F5C28B3B4B86}.Release|Any CPU.ActiveCfg = Release|Any CPU
		{4D41A3CB-FE8F-4BDF-84A5-F5C28B3B4B86}.Release|Any CPU.Build.0 = Release|Any CPU
		{6D73CB8D-A4ED-41DC-AD4E-7DAC04F3BDBA}.Debug|Any CPU.ActiveCfg = Debug|Any CPU
		{6D73CB8D-A4ED-41DC-AD4E-7DAC04F3BDBA}.Debug|Any CPU.Build.0 = Debug|Any CPU
		{6D73CB8D-A4ED-41DC-AD4E-7DAC04F3BDBA}.Release|Any CPU.ActiveCfg = Release|Any CPU
		{6D73CB8D-A4ED-41DC-AD4E-7DAC04F3BDBA}.Release|Any CPU.Build.0 = Release|Any CPU
		{960A9427-5FC1-41C5-980F-A2A2430791D5}.Debug|Any CPU.ActiveCfg = Debug|Any CPU
		{960A9427-5FC1-41C5-980F-A2A2430791D5}.Debug|Any CPU.Build.0 = Debug|Any CPU
		{960A9427-5FC1-41C5-980F-A2A2430791D5}.Release|Any CPU.ActiveCfg = Release|Any CPU
		{960A9427-5FC1-41C5-980F-A2A2430791D5}.Release|Any CPU.Build.0 = Release|Any CPU
		{776282B2-5A68-412E-88D7-1C6F9D9392CD}.Debug|Any CPU.ActiveCfg = Debug|Any CPU
		{776282B2-5A68-412E-88D7-1C6F9D9392CD}.Debug|Any CPU.Build.0 = Debug|Any CPU
		{776282B2-5A68-412E-88D7-1C6F9D9392CD}.Release|Any CPU.ActiveCfg = Release|Any CPU
		{776282B2-5A68-412E-88D7-1C6F9D9392CD}.Release|Any CPU.Build.0 = Release|Any CPU
		{639E11CF-B792-4F2C-B767-E3B7055DCE8F}.Debug|Any CPU.ActiveCfg = Debug|Any CPU
		{639E11CF-B792-4F2C-B767-E3B7055DCE8F}.Debug|Any CPU.Build.0 = Debug|Any CPU
		{639E11CF-B792-4F2C-B767-E3B7055DCE8F}.Release|Any CPU.ActiveCfg = Release|Any CPU
		{639E11CF-B792-4F2C-B767-E3B7055DCE8F}.Release|Any CPU.Build.0 = Release|Any CPU
		{7B0BED8D-054A-48E1-B1C4-53C86EF70728}.Debug|Any CPU.ActiveCfg = Debug|Any CPU
		{7B0BED8D-054A-48E1-B1C4-53C86EF70728}.Debug|Any CPU.Build.0 = Debug|Any CPU
		{7B0BED8D-054A-48E1-B1C4-53C86EF70728}.Release|Any CPU.ActiveCfg = Release|Any CPU
		{7B0BED8D-054A-48E1-B1C4-53C86EF70728}.Release|Any CPU.Build.0 = Release|Any CPU
		{F002FAA3-5488-4A32-8433-6A06AA6840C9}.Debug|Any CPU.ActiveCfg = Debug|Any CPU
		{F002FAA3-5488-4A32-8433-6A06AA6840C9}.Debug|Any CPU.Build.0 = Debug|Any CPU
		{F002FAA3-5488-4A32-8433-6A06AA6840C9}.Release|Any CPU.ActiveCfg = Release|Any CPU
		{F002FAA3-5488-4A32-8433-6A06AA6840C9}.Release|Any CPU.Build.0 = Release|Any CPU
		{EB5195D4-CAE1-4C51-BDE5-AA614618C01F}.Debug|Any CPU.ActiveCfg = Debug|Any CPU
		{EB5195D4-CAE1-4C51-BDE5-AA614618C01F}.Debug|Any CPU.Build.0 = Debug|Any CPU
		{EB5195D4-CAE1-4C51-BDE5-AA614618C01F}.Release|Any CPU.ActiveCfg = Release|Any CPU
		{EB5195D4-CAE1-4C51-BDE5-AA614618C01F}.Release|Any CPU.Build.0 = Release|Any CPU
		{D3409C9F-21D5-4145-B38E-B5187738B792}.Debug|Any CPU.ActiveCfg = Debug|Any CPU
		{D3409C9F-21D5-4145-B38E-B5187738B792}.Debug|Any CPU.Build.0 = Debug|Any CPU
		{D3409C9F-21D5-4145-B38E-B5187738B792}.Release|Any CPU.ActiveCfg = Release|Any CPU
		{D3409C9F-21D5-4145-B38E-B5187738B792}.Release|Any CPU.Build.0 = Release|Any CPU
		{FFF079E1-E6FB-4C92-93F8-CC9D8103041D}.Debug|Any CPU.ActiveCfg = Debug|Any CPU
		{FFF079E1-E6FB-4C92-93F8-CC9D8103041D}.Debug|Any CPU.Build.0 = Debug|Any CPU
		{FFF079E1-E6FB-4C92-93F8-CC9D8103041D}.Release|Any CPU.ActiveCfg = Release|Any CPU
		{FFF079E1-E6FB-4C92-93F8-CC9D8103041D}.Release|Any CPU.Build.0 = Release|Any CPU
		{778E8559-93E6-41C3-8811-D350B0B421D5}.Debug|Any CPU.ActiveCfg = Debug|Any CPU
		{778E8559-93E6-41C3-8811-D350B0B421D5}.Debug|Any CPU.Build.0 = Debug|Any CPU
		{778E8559-93E6-41C3-8811-D350B0B421D5}.Release|Any CPU.ActiveCfg = Release|Any CPU
		{778E8559-93E6-41C3-8811-D350B0B421D5}.Release|Any CPU.Build.0 = Release|Any CPU
		{D9AC3B17-3BE6-4375-9E87-C6F94A2E8FA3}.Debug|Any CPU.ActiveCfg = Debug|Any CPU
		{D9AC3B17-3BE6-4375-9E87-C6F94A2E8FA3}.Debug|Any CPU.Build.0 = Debug|Any CPU
		{D9AC3B17-3BE6-4375-9E87-C6F94A2E8FA3}.Release|Any CPU.ActiveCfg = Release|Any CPU
		{D9AC3B17-3BE6-4375-9E87-C6F94A2E8FA3}.Release|Any CPU.Build.0 = Release|Any CPU
		{81612C60-8D51-4019-83FB-B866F3AD2A46}.Debug|Any CPU.ActiveCfg = Debug|Any CPU
		{81612C60-8D51-4019-83FB-B866F3AD2A46}.Debug|Any CPU.Build.0 = Debug|Any CPU
		{81612C60-8D51-4019-83FB-B866F3AD2A46}.Release|Any CPU.ActiveCfg = Release|Any CPU
		{81612C60-8D51-4019-83FB-B866F3AD2A46}.Release|Any CPU.Build.0 = Release|Any CPU
		{1436BD18-F118-44B3-81D9-4A53DE57D813}.Debug|Any CPU.ActiveCfg = Debug|Any CPU
		{1436BD18-F118-44B3-81D9-4A53DE57D813}.Debug|Any CPU.Build.0 = Debug|Any CPU
		{1436BD18-F118-44B3-81D9-4A53DE57D813}.Release|Any CPU.ActiveCfg = Release|Any CPU
		{1436BD18-F118-44B3-81D9-4A53DE57D813}.Release|Any CPU.Build.0 = Release|Any CPU
		{A5507960-338A-4FEE-A719-BE42E90BADAE}.Debug|Any CPU.ActiveCfg = Debug|Any CPU
		{A5507960-338A-4FEE-A719-BE42E90BADAE}.Debug|Any CPU.Build.0 = Debug|Any CPU
		{A5507960-338A-4FEE-A719-BE42E90BADAE}.Release|Any CPU.ActiveCfg = Release|Any CPU
		{A5507960-338A-4FEE-A719-BE42E90BADAE}.Release|Any CPU.Build.0 = Release|Any CPU
		{D572331F-3B77-4B0C-8840-9475C9AF6BC4}.Debug|Any CPU.ActiveCfg = Debug|Any CPU
		{D572331F-3B77-4B0C-8840-9475C9AF6BC4}.Debug|Any CPU.Build.0 = Debug|Any CPU
		{D572331F-3B77-4B0C-8840-9475C9AF6BC4}.Release|Any CPU.ActiveCfg = Release|Any CPU
		{D572331F-3B77-4B0C-8840-9475C9AF6BC4}.Release|Any CPU.Build.0 = Release|Any CPU
		{34B58ECE-FB4D-4C53-9C42-08DA20871C33}.Debug|Any CPU.ActiveCfg = Debug|Any CPU
		{34B58ECE-FB4D-4C53-9C42-08DA20871C33}.Debug|Any CPU.Build.0 = Debug|Any CPU
		{34B58ECE-FB4D-4C53-9C42-08DA20871C33}.Release|Any CPU.ActiveCfg = Release|Any CPU
		{34B58ECE-FB4D-4C53-9C42-08DA20871C33}.Release|Any CPU.Build.0 = Release|Any CPU
		{18649A9F-3A58-4081-9737-EADF6FC281BD}.Debug|Any CPU.ActiveCfg = Debug|Any CPU
		{18649A9F-3A58-4081-9737-EADF6FC281BD}.Debug|Any CPU.Build.0 = Debug|Any CPU
		{18649A9F-3A58-4081-9737-EADF6FC281BD}.Release|Any CPU.ActiveCfg = Release|Any CPU
		{18649A9F-3A58-4081-9737-EADF6FC281BD}.Release|Any CPU.Build.0 = Release|Any CPU
		{815FF102-5ABB-457D-B1D0-6D8A9AEEEA37}.Debug|Any CPU.ActiveCfg = Debug|Any CPU
		{815FF102-5ABB-457D-B1D0-6D8A9AEEEA37}.Debug|Any CPU.Build.0 = Debug|Any CPU
		{815FF102-5ABB-457D-B1D0-6D8A9AEEEA37}.Release|Any CPU.ActiveCfg = Release|Any CPU
		{815FF102-5ABB-457D-B1D0-6D8A9AEEEA37}.Release|Any CPU.Build.0 = Release|Any CPU
		{0D16AC12-9BB5-410A-A124-EBA827494496}.Debug|Any CPU.ActiveCfg = Debug|Any CPU
		{0D16AC12-9BB5-410A-A124-EBA827494496}.Debug|Any CPU.Build.0 = Debug|Any CPU
		{0D16AC12-9BB5-410A-A124-EBA827494496}.Release|Any CPU.ActiveCfg = Release|Any CPU
		{0D16AC12-9BB5-410A-A124-EBA827494496}.Release|Any CPU.Build.0 = Release|Any CPU
		{4FE61B77-FF15-4F58-81B4-398AA839CFAA}.Debug|Any CPU.ActiveCfg = Debug|Any CPU
		{4FE61B77-FF15-4F58-81B4-398AA839CFAA}.Debug|Any CPU.Build.0 = Debug|Any CPU
		{4FE61B77-FF15-4F58-81B4-398AA839CFAA}.Release|Any CPU.ActiveCfg = Release|Any CPU
		{4FE61B77-FF15-4F58-81B4-398AA839CFAA}.Release|Any CPU.Build.0 = Release|Any CPU
		{D6D24506-4A19-4EC3-9F56-75BE23BBFA4F}.Debug|Any CPU.ActiveCfg = Debug|Any CPU
		{D6D24506-4A19-4EC3-9F56-75BE23BBFA4F}.Debug|Any CPU.Build.0 = Debug|Any CPU
		{D6D24506-4A19-4EC3-9F56-75BE23BBFA4F}.Release|Any CPU.ActiveCfg = Release|Any CPU
		{D6D24506-4A19-4EC3-9F56-75BE23BBFA4F}.Release|Any CPU.Build.0 = Release|Any CPU
		{6CB53280-2062-48FC-AD70-77EDB471F515}.Debug|Any CPU.ActiveCfg = Debug|Any CPU
		{6CB53280-2062-48FC-AD70-77EDB471F515}.Debug|Any CPU.Build.0 = Debug|Any CPU
		{6CB53280-2062-48FC-AD70-77EDB471F515}.Release|Any CPU.ActiveCfg = Release|Any CPU
		{6CB53280-2062-48FC-AD70-77EDB471F515}.Release|Any CPU.Build.0 = Release|Any CPU
	EndGlobalSection
	GlobalSection(SolutionProperties) = preSolution
		HideSolutionNode = FALSE
	EndGlobalSection
	GlobalSection(NestedProjects) = preSolution
		{8323D1BC-B403-4056-98A3-37F901032EAC} = {EEF0002A-5793-4018-BFDD-A385371090F7}
		{73FA0040-3A90-4F58-AE5F-0D28ADEC7D80} = {EEF0002A-5793-4018-BFDD-A385371090F7}
		{D640508C-A235-4346-B615-8F9BA84A98AC} = {C2E4FBF5-B2FC-4311-924E-318B8186DE9D}
		{7F466EE2-3BD4-4AB9-8081-3ED1B78C0FB1} = {C2E4FBF5-B2FC-4311-924E-318B8186DE9D}
		{6AC7E247-CBF4-4494-9A55-FF1AFFF151E0} = {AC0815E9-9355-4827-ACB0-6B9B81EC03AE}
		{4D41A3CB-FE8F-4BDF-84A5-F5C28B3B4B86} = {AC0815E9-9355-4827-ACB0-6B9B81EC03AE}
		{8C77AB2D-937E-4E17-9CA5-1A389EDC3F32} = {1D339B68-769A-4737-B446-6D02703CF8C4}
		{647DDB3F-A7E7-4B85-93CD-61CFC477E0D8} = {1D339B68-769A-4737-B446-6D02703CF8C4}
		{6D73CB8D-A4ED-41DC-AD4E-7DAC04F3BDBA} = {647DDB3F-A7E7-4B85-93CD-61CFC477E0D8}
		{960A9427-5FC1-41C5-980F-A2A2430791D5} = {8C77AB2D-937E-4E17-9CA5-1A389EDC3F32}
		{776282B2-5A68-412E-88D7-1C6F9D9392CD} = {4E744B51-B348-4F93-8A0C-6A19E06F99B3}
		{639E11CF-B792-4F2C-B767-E3B7055DCE8F} = {4E744B51-B348-4F93-8A0C-6A19E06F99B3}
		{7B0BED8D-054A-48E1-B1C4-53C86EF70728} = {47E2D748-A715-4385-B792-2FC9B7CD0BBB}
		{F002FAA3-5488-4A32-8433-6A06AA6840C9} = {47E2D748-A715-4385-B792-2FC9B7CD0BBB}
		{EB5195D4-CAE1-4C51-BDE5-AA614618C01F} = {CBE807C1-581C-483B-B5F6-E4A17573458B}
		{D3409C9F-21D5-4145-B38E-B5187738B792} = {CBE807C1-581C-483B-B5F6-E4A17573458B}
		{FFF079E1-E6FB-4C92-93F8-CC9D8103041D} = {CDB501DD-0944-4F36-B194-9FE9D9BEE78A}
		{778E8559-93E6-41C3-8811-D350B0B421D5} = {CDB501DD-0944-4F36-B194-9FE9D9BEE78A}
		{D9AC3B17-3BE6-4375-9E87-C6F94A2E8FA3} = {5979401A-795C-45B8-B2C0-0F758CA31455}
		{81612C60-8D51-4019-83FB-B866F3AD2A46} = {5979401A-795C-45B8-B2C0-0F758CA31455}
		{1436BD18-F118-44B3-81D9-4A53DE57D813} = {C73F4681-8E83-453F-8AC5-EDF14A7643E9}
		{A5507960-338A-4FEE-A719-BE42E90BADAE} = {C73F4681-8E83-453F-8AC5-EDF14A7643E9}
		{D572331F-3B77-4B0C-8840-9475C9AF6BC4} = {7AD2E7E1-2D9E-430D-A1BB-B3B073CC96EE}
		{34B58ECE-FB4D-4C53-9C42-08DA20871C33} = {7AD2E7E1-2D9E-430D-A1BB-B3B073CC96EE}
		{18649A9F-3A58-4081-9737-EADF6FC281BD} = {056D9475-618C-453C-8BDF-F578E8F07945}
		{815FF102-5ABB-457D-B1D0-6D8A9AEEEA37} = {EF9E42CD-5423-46A6-A720-C6698B74592B}
		{0D16AC12-9BB5-410A-A124-EBA827494496} = {EF9E42CD-5423-46A6-A720-C6698B74592B}
		{4FE61B77-FF15-4F58-81B4-398AA839CFAA} = {EF9E42CD-5423-46A6-A720-C6698B74592B}
		{C73F4681-8E83-453F-8AC5-EDF14A7643E9} = {75C64940-5413-442D-B876-AEAA8DC20FC0}
		{AC0815E9-9355-4827-ACB0-6B9B81EC03AE} = {75C64940-5413-442D-B876-AEAA8DC20FC0}
		{47E2D748-A715-4385-B792-2FC9B7CD0BBB} = {75C64940-5413-442D-B876-AEAA8DC20FC0}
		{CBE807C1-581C-483B-B5F6-E4A17573458B} = {75C64940-5413-442D-B876-AEAA8DC20FC0}
		{CDB501DD-0944-4F36-B194-9FE9D9BEE78A} = {75C64940-5413-442D-B876-AEAA8DC20FC0}
		{4E744B51-B348-4F93-8A0C-6A19E06F99B3} = {75C64940-5413-442D-B876-AEAA8DC20FC0}
		{EEF0002A-5793-4018-BFDD-A385371090F7} = {75C64940-5413-442D-B876-AEAA8DC20FC0}
		{C2E4FBF5-B2FC-4311-924E-318B8186DE9D} = {75C64940-5413-442D-B876-AEAA8DC20FC0}
		{EF9E42CD-5423-46A6-A720-C6698B74592B} = {75C64940-5413-442D-B876-AEAA8DC20FC0}
		{5979401A-795C-45B8-B2C0-0F758CA31455} = {75C64940-5413-442D-B876-AEAA8DC20FC0}
		{7AD2E7E1-2D9E-430D-A1BB-B3B073CC96EE} = {75C64940-5413-442D-B876-AEAA8DC20FC0}
		{0596B611-307A-46B6-991C-076D490644D4} = {75C64940-5413-442D-B876-AEAA8DC20FC0}
		{D6D24506-4A19-4EC3-9F56-75BE23BBFA4F} = {0596B611-307A-46B6-991C-076D490644D4}
		{6CB53280-2062-48FC-AD70-77EDB471F515} = {0596B611-307A-46B6-991C-076D490644D4}
	EndGlobalSection
	GlobalSection(ExtensibilityGlobals) = postSolution
		SolutionGuid = {E61C7767-7D12-4313-8DA2-56AE8FC5AAD5}
	EndGlobalSection
EndGlobal
