
Microsoft Visual Studio Solution File, Format Version 12.00
# Visual Studio Version 17
VisualStudioVersion = 17.0.32002.185
MinimumVisualStudioVersion = 10.0.40219.1
Project("{9A19103F-16F7-4668-BE54-9A1E7A4F7556}") = "LibraryCore.Core", "Src\LibraryCore.Core\LibraryCore.Core.csproj", "{8323D1BC-B403-4056-98A3-37F901032EAC}"
EndProject
Project("{2150E333-8FDC-42A3-9474-1A3956D46DE8}") = "Tests", "Tests", "{1D339B68-769A-4737-B446-6D02703CF8C4}"
EndProject
Project("{9A19103F-16F7-4668-BE54-9A1E7A4F7556}") = "LibraryCore.Tests.Core", "Tests\LibraryCore.Tests.Core\LibraryCore.Tests.Core.csproj", "{73FA0040-3A90-4F58-AE5F-0D28ADEC7D80}"
EndProject
Project("{9A19103F-16F7-4668-BE54-9A1E7A4F7556}") = "LibraryCore.JsonNet", "Src\LibraryCore.JsonNet\LibraryCore.JsonNet.csproj", "{D640508C-A235-4346-B615-8F9BA84A98AC}"
EndProject
Project("{9A19103F-16F7-4668-BE54-9A1E7A4F7556}") = "LibraryCore.Tests.JsonNet", "Tests\LibraryCore.Tests.JsonNet\LibraryCore.Tests.JsonNet.csproj", "{7F466EE2-3BD4-4AB9-8081-3ED1B78C0FB1}"
EndProject
Project("{9A19103F-16F7-4668-BE54-9A1E7A4F7556}") = "LibraryCore.AspNet", "Src\LibraryCore.AspNet\LibraryCore.AspNet.csproj", "{6AC7E247-CBF4-4494-9A55-FF1AFFF151E0}"
EndProject
Project("{9A19103F-16F7-4668-BE54-9A1E7A4F7556}") = "LibraryCore.Tests.AspNet", "Tests\LibraryCore.Tests.AspNet\LibraryCore.Tests.AspNet.csproj", "{4D41A3CB-FE8F-4BDF-84A5-F5C28B3B4B86}"
EndProject
Project("{2150E333-8FDC-42A3-9474-1A3956D46DE8}") = "Documentation", "Documentation", "{C393C54D-0367-417D-BAAA-2B8323D44D10}"
	ProjectSection(SolutionItems) = preProject
		Documentation\ConsumingFeedFromGitHub.txt = Documentation\ConsumingFeedFromGitHub.txt
		Documentation\ProducingVersionOutsideOfCiCd.txt = Documentation\ProducingVersionOutsideOfCiCd.txt
	EndProjectSection
EndProject
Project("{2150E333-8FDC-42A3-9474-1A3956D46DE8}") = "Commands", "Commands", "{44736F91-EA46-467A-8C68-1B7B712F8B92}"
	ProjectSection(SolutionItems) = preProject
		Commands\PublishAndPushNuget.bat = Commands\PublishAndPushNuget.bat
		Commands\RunPerformanceTest.bat = Commands\RunPerformanceTest.bat
	EndProjectSection
EndProject
Project("{9A19103F-16F7-4668-BE54-9A1E7A4F7556}") = "LibraryCore.Performance.Tests", "PerformanceTests\LibraryCore.Performance.Tests\LibraryCore.Performance.Tests.csproj", "{2D76D344-F683-4F8B-87A5-BF6FC077AAFB}"
EndProject
Project("{2150E333-8FDC-42A3-9474-1A3956D46DE8}") = "PerformanceTests", "PerformanceTests", "{056D9475-618C-453C-8BDF-F578E8F07945}"
EndProject
Project("{2150E333-8FDC-42A3-9474-1A3956D46DE8}") = "Framework", "Framework", "{8C77AB2D-937E-4E17-9CA5-1A389EDC3F32}"
EndProject
Project("{2150E333-8FDC-42A3-9474-1A3956D46DE8}") = "IntegrationTests", "IntegrationTests", "{647DDB3F-A7E7-4B85-93CD-61CFC477E0D8}"
EndProject
Project("{9A19103F-16F7-4668-BE54-9A1E7A4F7556}") = "LibraryCore.IntegrationTests", "IntegrationTests\LibraryCore.IntegrationTests\LibraryCore.IntegrationTests.csproj", "{6D73CB8D-A4ED-41DC-AD4E-7DAC04F3BDBA}"
EndProject
Project("{9A19103F-16F7-4668-BE54-9A1E7A4F7556}") = "LibraryCore.IntegrationTests.Framework.Api", "IntegrationTests\Framework\LibraryCore.IntegrationTests.Framework.Api\LibraryCore.IntegrationTests.Framework.Api.csproj", "{960A9427-5FC1-41C5-980F-A2A2430791D5}"
EndProject
Global
	GlobalSection(SolutionConfigurationPlatforms) = preSolution
		Debug|Any CPU = Debug|Any CPU
		Release|Any CPU = Release|Any CPU
	EndGlobalSection
	GlobalSection(ProjectConfigurationPlatforms) = postSolution
		{8323D1BC-B403-4056-98A3-37F901032EAC}.Debug|Any CPU.ActiveCfg = Debug|Any CPU
		{8323D1BC-B403-4056-98A3-37F901032EAC}.Debug|Any CPU.Build.0 = Debug|Any CPU
		{8323D1BC-B403-4056-98A3-37F901032EAC}.Release|Any CPU.ActiveCfg = Release|Any CPU
		{8323D1BC-B403-4056-98A3-37F901032EAC}.Release|Any CPU.Build.0 = Release|Any CPU
		{73FA0040-3A90-4F58-AE5F-0D28ADEC7D80}.Debug|Any CPU.ActiveCfg = Debug|Any CPU
		{73FA0040-3A90-4F58-AE5F-0D28ADEC7D80}.Debug|Any CPU.Build.0 = Debug|Any CPU
		{73FA0040-3A90-4F58-AE5F-0D28ADEC7D80}.Release|Any CPU.ActiveCfg = Release|Any CPU
		{73FA0040-3A90-4F58-AE5F-0D28ADEC7D80}.Release|Any CPU.Build.0 = Release|Any CPU
		{D640508C-A235-4346-B615-8F9BA84A98AC}.Debug|Any CPU.ActiveCfg = Debug|Any CPU
		{D640508C-A235-4346-B615-8F9BA84A98AC}.Debug|Any CPU.Build.0 = Debug|Any CPU
		{D640508C-A235-4346-B615-8F9BA84A98AC}.Release|Any CPU.ActiveCfg = Release|Any CPU
		{D640508C-A235-4346-B615-8F9BA84A98AC}.Release|Any CPU.Build.0 = Release|Any CPU
		{7F466EE2-3BD4-4AB9-8081-3ED1B78C0FB1}.Debug|Any CPU.ActiveCfg = Debug|Any CPU
		{7F466EE2-3BD4-4AB9-8081-3ED1B78C0FB1}.Debug|Any CPU.Build.0 = Debug|Any CPU
		{7F466EE2-3BD4-4AB9-8081-3ED1B78C0FB1}.Release|Any CPU.ActiveCfg = Release|Any CPU
		{7F466EE2-3BD4-4AB9-8081-3ED1B78C0FB1}.Release|Any CPU.Build.0 = Release|Any CPU
		{6AC7E247-CBF4-4494-9A55-FF1AFFF151E0}.Debug|Any CPU.ActiveCfg = Debug|Any CPU
		{6AC7E247-CBF4-4494-9A55-FF1AFFF151E0}.Debug|Any CPU.Build.0 = Debug|Any CPU
		{6AC7E247-CBF4-4494-9A55-FF1AFFF151E0}.Release|Any CPU.ActiveCfg = Release|Any CPU
		{6AC7E247-CBF4-4494-9A55-FF1AFFF151E0}.Release|Any CPU.Build.0 = Release|Any CPU
		{4D41A3CB-FE8F-4BDF-84A5-F5C28B3B4B86}.Debug|Any CPU.ActiveCfg = Debug|Any CPU
		{4D41A3CB-FE8F-4BDF-84A5-F5C28B3B4B86}.Debug|Any CPU.Build.0 = Debug|Any CPU
		{4D41A3CB-FE8F-4BDF-84A5-F5C28B3B4B86}.Release|Any CPU.ActiveCfg = Release|Any CPU
		{4D41A3CB-FE8F-4BDF-84A5-F5C28B3B4B86}.Release|Any CPU.Build.0 = Release|Any CPU
		{2D76D344-F683-4F8B-87A5-BF6FC077AAFB}.Debug|Any CPU.ActiveCfg = Debug|Any CPU
		{2D76D344-F683-4F8B-87A5-BF6FC077AAFB}.Debug|Any CPU.Build.0 = Debug|Any CPU
		{2D76D344-F683-4F8B-87A5-BF6FC077AAFB}.Release|Any CPU.ActiveCfg = Release|Any CPU
		{2D76D344-F683-4F8B-87A5-BF6FC077AAFB}.Release|Any CPU.Build.0 = Release|Any CPU
		{6D73CB8D-A4ED-41DC-AD4E-7DAC04F3BDBA}.Debug|Any CPU.ActiveCfg = Debug|Any CPU
		{6D73CB8D-A4ED-41DC-AD4E-7DAC04F3BDBA}.Debug|Any CPU.Build.0 = Debug|Any CPU
		{6D73CB8D-A4ED-41DC-AD4E-7DAC04F3BDBA}.Release|Any CPU.ActiveCfg = Release|Any CPU
		{6D73CB8D-A4ED-41DC-AD4E-7DAC04F3BDBA}.Release|Any CPU.Build.0 = Release|Any CPU
		{960A9427-5FC1-41C5-980F-A2A2430791D5}.Debug|Any CPU.ActiveCfg = Debug|Any CPU
		{960A9427-5FC1-41C5-980F-A2A2430791D5}.Debug|Any CPU.Build.0 = Debug|Any CPU
		{960A9427-5FC1-41C5-980F-A2A2430791D5}.Release|Any CPU.ActiveCfg = Release|Any CPU
		{960A9427-5FC1-41C5-980F-A2A2430791D5}.Release|Any CPU.Build.0 = Release|Any CPU
	EndGlobalSection
	GlobalSection(SolutionProperties) = preSolution
		HideSolutionNode = FALSE
	EndGlobalSection
	GlobalSection(NestedProjects) = preSolution
		{73FA0040-3A90-4F58-AE5F-0D28ADEC7D80} = {1D339B68-769A-4737-B446-6D02703CF8C4}
		{7F466EE2-3BD4-4AB9-8081-3ED1B78C0FB1} = {1D339B68-769A-4737-B446-6D02703CF8C4}
		{4D41A3CB-FE8F-4BDF-84A5-F5C28B3B4B86} = {1D339B68-769A-4737-B446-6D02703CF8C4}
		{2D76D344-F683-4F8B-87A5-BF6FC077AAFB} = {056D9475-618C-453C-8BDF-F578E8F07945}
		{8C77AB2D-937E-4E17-9CA5-1A389EDC3F32} = {1D339B68-769A-4737-B446-6D02703CF8C4}
		{647DDB3F-A7E7-4B85-93CD-61CFC477E0D8} = {1D339B68-769A-4737-B446-6D02703CF8C4}
		{6D73CB8D-A4ED-41DC-AD4E-7DAC04F3BDBA} = {647DDB3F-A7E7-4B85-93CD-61CFC477E0D8}
		{960A9427-5FC1-41C5-980F-A2A2430791D5} = {8C77AB2D-937E-4E17-9CA5-1A389EDC3F32}
	EndGlobalSection
	GlobalSection(ExtensibilityGlobals) = postSolution
		SolutionGuid = {E61C7767-7D12-4313-8DA2-56AE8FC5AAD5}
	EndGlobalSection
EndGlobal
